# This file was autogenerated by Stack.
# You should not edit this file by hand.
# For more information, please see the documentation at:
#   https://docs.haskellstack.org/en/stable/lock_files

packages: []
snapshots:
- completed:
    sha256: edbd50d7e7c85c13ad5f5835ae2db92fab1e9cf05ecf85340e2622ec0a303df1
    size: 720020
    url: https://raw.githubusercontent.com/commercialhaskell/stackage-snapshots/master/lts/22/34.yaml
  original: lts-22.34
