# This file was autogenerated by Stack.
# You should not edit this file by hand.
# For more information, please see the documentation at:
#   https://docs.haskellstack.org/en/stable/lock_files

packages:
- completed:
    hackage: ormolu-0.4.0.0@sha256:cd5d2aee5fdeaee39fd0020b6c222578319cd79d5b09ece63d7c3346d363dcf2,4803
    pantry-tree:
      size: 84091
      sha256: 59c9524f7e7a40b5be044fc805a6b9d6de898dfc4d156767b2429c06e1fba724
  original:
    hackage: ormolu-0.4.0.0
- completed:
    hackage: Cabal-3.6.2.0@sha256:ae204c95edd633538c3e502eee8838dc41d8b13c8f333955a39ff9df7b6de9e8,12852
    pantry-tree:
      size: 19757
      sha256: 4a5049fc88e0f97447501b4daf6f2f21576db16b3e500812342b23c77a3570c9
  original:
    hackage: Cabal-3.6.2.0@sha256:ae204c95edd633538c3e502eee8838dc41d8b13c8f333955a39ff9df7b6de9e8,12852
- completed:
    hackage: ghc-lib-parser-9.2.1.20220109@sha256:5da80d84452a31b7d0dab46d849a9c3552897405048d466b766136d852d20cfe,12705
    pantry-tree:
      size: 27578
      sha256: adcd797fed395273b05a0e7fdf254cba76c6a9ceab573d78211447c6430ebb2a
  original:
    hackage: ghc-lib-parser-9.2.1.20220109@sha256:5da80d84452a31b7d0dab46d849a9c3552897405048d466b766136d852d20cfe,12705
- completed:
    hackage: linear-generics-0.2@sha256:c1db1fcb96333be867978abfbed71e99dfbdcafa07d7d9642a89405e6bc971b1,5818
    pantry-tree:
      size: 2818
      sha256: 62c6d4bb56b01f240bbc8cf276ddbe7f65ffa3f73cc430772a26d8769c08066b
  original:
    hackage: linear-generics-0.2@sha256:c1db1fcb96333be867978abfbed71e99dfbdcafa07d7d9642a89405e6bc971b1,5818
snapshots:
- completed:
    size: 621061
    url: https://raw.githubusercontent.com/commercialhaskell/stackage-snapshots/master/nightly/2022/1/13.yaml
    sha256: df0d2c3ff3cd0424bf178914a068d76f3e48c89edfdcf9b015698836a106b507
  original: nightly-2022-01-13
