# This file was autogenerated by Stack.
# You should not edit this file by hand.
# For more information, please see the documentation at:
#   https://docs.haskellstack.org/en/stable/lock_files

packages:
- completed:
    hackage: primitive-0.7.0.0@sha256:c45abc68bec080e3f1ab347dd331617d43fded94a473086bf21aeda69a6e20bc,3552
    pantry-tree:
      size: 3221
      sha256: 2d85b8e01790534e666f519787454bab613c21d609f6707cb56c3301fafcc8cb
  original:
    hackage: primitive-0.7.0.0
snapshots:
- completed:
    size: 524127
    url: https://raw.githubusercontent.com/commercialhaskell/stackage-snapshots/master/lts/14/6.yaml
    sha256: dc70dfb45e2c32f54719819bd055f46855dd4b3bd2e58b9f3f38729a2d553fbb
  original: lts-14.6
